
Microsoft Visual Studio Solution File, Format Version 12.00
# Visual Studio Version 17
VisualStudioVersion = 17.3.32825.248
MinimumVisualStudioVersion = 10.0.40219.1
Project("{FAE04EC0-301F-11D3-BF4B-00C04F79EFBC}") = "Shared", "Shared.csproj", "{40801825-F07F-4A36-9834-F84A46C29F7F}"
EndProject
Global
	GlobalSection(SolutionConfigurationPlatforms) = preSolution
		Debug|Any CPU = Debug|Any CPU
		Release|Any CPU = Release|Any CPU
	EndGlobalSection
	GlobalSection(ProjectConfigurationPlatforms) = postSolution
		{40801825-F07F-4A36-9834-F84A46C29F7F}.Debug|Any CPU.ActiveCfg = Debug|Any CPU
		{40801825-F07F-4A36-9834-F84A46C29F7F}.Debug|Any CPU.Build.0 = Debug|Any CPU
		{40801825-F07F-4A36-9834-F84A46C29F7F}.Release|Any CPU.ActiveCfg = Release|Any CPU
		{40801825-F07F-4A36-9834-F84A46C29F7F}.Release|Any CPU.Build.0 = Release|Any CPU
	EndGlobalSection
	GlobalSection(SolutionProperties) = preSolution
		HideSolutionNode = FALSE
	EndGlobalSection
	GlobalSection(ExtensibilityGlobals) = postSolution
		SolutionGuid = {CB86C251-D1BE-4D5A-8DE4-78DF23378984}
	EndGlobalSection
EndGlobal
